// !$*UTF8*$!
{
	archiveVersion = 1;
	classes = {
	};
	objectVersion = 50;
	objects = {

/* Begin PBXBuildFile section */
		3D18DD46221E65FE0095D479 /* AppDelegate.swift in Sources */ = {isa = PBXBuildFile; fileRef = 3D18DD45221E65FE0095D479 /* AppDelegate.swift */; };
		3D18DD48221E65FE0095D479 /* ViewController.swift in Sources */ = {isa = PBXBuildFile; fileRef = 3D18DD47221E65FE0095D479 /* ViewController.swift */; };
		3D18DD4B221E65FE0095D479 /* Main.storyboard in Resources */ = {isa = PBXBuildFile; fileRef = 3D18DD49221E65FE0095D479 /* Main.storyboard */; };
		3D18DD4D221E66020095D479 /* Assets.xcassets in Resources */ = {isa = PBXBuildFile; fileRef = 3D18DD4C221E66020095D479 /* Assets.xcassets */; };
		3D18DD50221E66020095D479 /* LaunchScreen.storyboard in Resources */ = {isa = PBXBuildFile; fileRef = 3D18DD4E221E66020095D479 /* LaunchScreen.storyboard */; };
		3D18DD5B221E66020095D479 /* iQuizTests.swift in Sources */ = {isa = PBXBuildFile; fileRef = 3D18DD5A221E66020095D479 /* iQuizTests.swift */; };
		3D18DD66221E66020095D479 /* iQuizUITests.swift in Sources */ = {isa = PBXBuildFile; fileRef = 3D18DD65221E66020095D479 /* iQuizUITests.swift */; };
/* End PBXBuildFile section */

/* Begin PBXContainerItemProxy section */
		3D18DD57221E66020095D479 /* PBXContainerItemProxy */ = {
			isa = PBXContainerItemProxy;
			containerPortal = 3D18DD3A221E65FE0095D479 /* Project object */;
			proxyType = 1;
			remoteGlobalIDString = 3D18DD41221E65FE0095D479;
			remoteInfo = iQuiz;
		};
		3D18DD62221E66020095D479 /* PBXContainerItemProxy */ = {
			isa = PBXContainerItemProxy;
			containerPortal = 3D18DD3A221E65FE0095D479 /* Project object */;
			proxyType = 1;
			remoteGlobalIDString = 3D18DD41221E65FE0095D479;
			remoteInfo = iQuiz;
		};
/* End PBXContainerItemProxy section */

/* Begin PBXFileReference section */
		3D18DD42221E65FE0095D479 /* iQuiz.app */ = {isa = PBXFileReference; explicitFileType = wrapper.application; includeInIndex = 0; path = iQuiz.app; sourceTree = BUILT_PRODUCTS_DIR; };
		3D18DD45221E65FE0095D479 /* AppDelegate.swift */ = {isa = PBXFileReference; lastKnownFileType = sourcecode.swift; path = AppDelegate.swift; sourceTree = "<group>"; };
		3D18DD47221E65FE0095D479 /* ViewController.swift */ = {isa = PBXFileReference; lastKnownFileType = sourcecode.swift; path = ViewController.swift; sourceTree = "<group>"; };
		3D18DD4A221E65FE0095D479 /* Base */ = {isa = PBXFileReference; lastKnownFileType = file.storyboard; name = Base; path = Base.lproj/Main.storyboard; sourceTree = "<group>"; };
		3D18DD4C221E66020095D479 /* Assets.xcassets */ = {isa = PBXFileReference; lastKnownFileType = folder.assetcatalog; path = Assets.xcassets; sourceTree = "<group>"; };
		3D18DD4F221E66020095D479 /* Base */ = {isa = PBXFileReference; lastKnownFileType = file.storyboard; name = Base; path = Base.lproj/LaunchScreen.storyboard; sourceTree = "<group>"; };
		3D18DD51221E66020095D479 /* Info.plist */ = {isa = PBXFileReference; lastKnownFileType = text.plist.xml; path = Info.plist; sourceTree = "<group>"; };
		3D18DD56221E66020095D479 /* iQuizTests.xctest */ = {isa = PBXFileReference; explicitFileType = wrapper.cfbundle; includeInIndex = 0; path = iQuizTests.xctest; sourceTree = BUILT_PRODUCTS_DIR; };
		3D18DD5A221E66020095D479 /* iQuizTests.swift */ = {isa = PBXFileReference; lastKnownFileType = sourcecode.swift; path = iQuizTests.swift; sourceTree = "<group>"; };
		3D18DD5C221E66020095D479 /* Info.plist */ = {isa = PBXFileReference; lastKnownFileType = text.plist.xml; path = Info.plist; sourceTree = "<group>"; };
		3D18DD61221E66020095D479 /* iQuizUITests.xctest */ = {isa = PBXFileReference; explicitFileType = wrapper.cfbundle; includeInIndex = 0; path = iQuizUITests.xctest; sourceTree = BUILT_PRODUCTS_DIR; };
		3D18DD65221E66020095D479 /* iQuizUITests.swift */ = {isa = PBXFileReference; lastKnownFileType = sourcecode.swift; path = iQuizUITests.swift; sourceTree = "<group>"; };
		3D18DD67221E66020095D479 /* Info.plist */ = {isa = PBXFileReference; lastKnownFileType = text.plist.xml; path = Info.plist; sourceTree = "<group>"; };
/* End PBXFileReference section */

/* Begin PBXFrameworksBuildPhase section */
		3D18DD3F221E65FE0095D479 /* Frameworks */ = {
			isa = PBXFrameworksBuildPhase;
			buildActionMask = 2147483647;
			files = (
			);
			runOnlyForDeploymentPostprocessing = 0;
		};
		3D18DD53221E66020095D479 /* Frameworks */ = {
			isa = PBXFrameworksBuildPhase;
			buildActionMask = 2147483647;
			files = (
			);
			runOnlyForDeploymentPostprocessing = 0;
		};
		3D18DD5E221E66020095D479 /* Frameworks */ = {
			isa = PBXFrameworksBuildPhase;
			buildActionMask = 2147483647;
			files = (
			);
			runOnlyForDeploymentPostprocessing = 0;
		};
/* End PBXFrameworksBuildPhase section */

/* Begin PBXGroup section */
		3D18DD39221E65FE0095D479 = {
			isa = PBXGroup;
			children = (
				3D18DD44221E65FE0095D479 /* iQuiz */,
				3D18DD59221E66020095D479 /* iQuizTests */,
				3D18DD64221E66020095D479 /* iQuizUITests */,
				3D18DD43221E65FE0095D479 /* Products */,
			);
			sourceTree = "<group>";
		};
		3D18DD43221E65FE0095D479 /* Products */ = {
			isa = PBXGroup;
			children = (
				3D18DD42221E65FE0095D479 /* iQuiz.app */,
				3D18DD56221E66020095D479 /* iQuizTests.xctest */,
				3D18DD61221E66020095D479 /* iQuizUITests.xctest */,
			);
			name = Products;
			sourceTree = "<group>";
		};
		3D18DD44221E65FE0095D479 /* iQuiz */ = {
			isa = PBXGroup;
			children = (
				3D18DD45221E65FE0095D479 /* AppDelegate.swift */,
				3D18DD47221E65FE0095D479 /* ViewController.swift */,
				3D18DD49221E65FE0095D479 /* Main.storyboard */,
				3D18DD4C221E66020095D479 /* Assets.xcassets */,
				3D18DD4E221E66020095D479 /* LaunchScreen.storyboard */,
				3D18DD51221E66020095D479 /* Info.plist */,
			);
			path = iQuiz;
			sourceTree = "<group>";
		};
		3D18DD59221E66020095D479 /* iQuizTests */ = {
			isa = PBXGroup;
			children = (
				3D18DD5A221E66020095D479 /* iQuizTests.swift */,
				3D18DD5C221E66020095D479 /* Info.plist */,
			);
			path = iQuizTests;
			sourceTree = "<group>";
		};
		3D18DD64221E66020095D479 /* iQuizUITests */ = {
			isa = PBXGroup;
			children = (
				3D18DD65221E66020095D479 /* iQuizUITests.swift */,
				3D18DD67221E66020095D479 /* Info.plist */,
			);
			path = iQuizUITests;
			sourceTree = "<group>";
		};
/* End PBXGroup section */

/* Begin PBXNativeTarget section */
		3D18DD41221E65FE0095D479 /* iQuiz */ = {
			isa = PBXNativeTarget;
			buildConfigurationList = 3D18DD6A221E66020095D479 /* Build configuration list for PBXNativeTarget "iQuiz" */;
			buildPhases = (
				3D18DD3E221E65FE0095D479 /* Sources */,
				3D18DD3F221E65FE0095D479 /* Frameworks */,
				3D18DD40221E65FE0095D479 /* Resources */,
			);
			buildRules = (
			);
			dependencies = (
			);
			name = iQuiz;
			productName = iQuiz;
			productReference = 3D18DD42221E65FE0095D479 /* iQuiz.app */;
			productType = "com.apple.product-type.application";
		};
		3D18DD55221E66020095D479 /* iQuizTests */ = {
			isa = PBXNativeTarget;
			buildConfigurationList = 3D18DD6D221E66020095D479 /* Build configuration list for PBXNativeTarget "iQuizTests" */;
			buildPhases = (
				3D18DD52221E66020095D479 /* Sources */,
				3D18DD53221E66020095D479 /* Frameworks */,
				3D18DD54221E66020095D479 /* Resources */,
			);
			buildRules = (
			);
			dependencies = (
				3D18DD58221E66020095D479 /* PBXTargetDependency */,
			);
			name = iQuizTests;
			productName = iQuizTests;
			productReference = 3D18DD56221E66020095D479 /* iQuizTests.xctest */;
			productType = "com.apple.product-type.bundle.unit-test";
		};
		3D18DD60221E66020095D479 /* iQuizUITests */ = {
			isa = PBXNativeTarget;
			buildConfigurationList = 3D18DD70221E66020095D479 /* Build configuration list for PBXNativeTarget "iQuizUITests" */;
			buildPhases = (
				3D18DD5D221E66020095D479 /* Sources */,
				3D18DD5E221E66020095D479 /* Frameworks */,
				3D18DD5F221E66020095D479 /* Resources */,
			);
			buildRules = (
			);
			dependencies = (
				3D18DD63221E66020095D479 /* PBXTargetDependency */,
			);
			name = iQuizUITests;
			productName = iQuizUITests;
			productReference = 3D18DD61221E66020095D479 /* iQuizUITests.xctest */;
			productType = "com.apple.product-type.bundle.ui-testing";
		};
/* End PBXNativeTarget section */

/* Begin PBXProject section */
		3D18DD3A221E65FE0095D479 /* Project object */ = {
			isa = PBXProject;
			attributes = {
				LastSwiftUpdateCheck = 1010;
				LastUpgradeCheck = 1010;
				ORGANIZATIONNAME = uw;
				TargetAttributes = {
					3D18DD41221E65FE0095D479 = {
						CreatedOnToolsVersion = 10.1;
					};
					3D18DD55221E66020095D479 = {
						CreatedOnToolsVersion = 10.1;
						TestTargetID = 3D18DD41221E65FE0095D479;
					};
					3D18DD60221E66020095D479 = {
						CreatedOnToolsVersion = 10.1;
						TestTargetID = 3D18DD41221E65FE0095D479;
					};
				};
			};
			buildConfigurationList = 3D18DD3D221E65FE0095D479 /* Build configuration list for PBXProject "iQuiz" */;
			compatibilityVersion = "Xcode 9.3";
			developmentRegion = en;
			hasScannedForEncodings = 0;
			knownRegions = (
				en,
				Base,
			);
			mainGroup = 3D18DD39221E65FE0095D479;
			productRefGroup = 3D18DD43221E65FE0095D479 /* Products */;
			projectDirPath = "";
			projectRoot = "";
			targets = (
				3D18DD41221E65FE0095D479 /* iQuiz */,
				3D18DD55221E66020095D479 /* iQuizTests */,
				3D18DD60221E66020095D479 /* iQuizUITests */,
			);
		};
/* End PBXProject section */

/* Begin PBXResourcesBuildPhase section */
		3D18DD40221E65FE0095D479 /* Resources */ = {
			isa = PBXResourcesBuildPhase;
			buildActionMask = 2147483647;
			files = (
				3D18DD50221E66020095D479 /* LaunchScreen.storyboard in Resources */,
				3D18DD4D221E66020095D479 /* Assets.xcassets in Resources */,
				3D18DD4B221E65FE0095D479 /* Main.storyboard in Resources */,
			);
			runOnlyForDeploymentPostprocessing = 0;
		};
		3D18DD54221E66020095D479 /* Resources */ = {
			isa = PBXResourcesBuildPhase;
			buildActionMask = 2147483647;
			files = (
			);
			runOnlyForDeploymentPostprocessing = 0;
		};
		3D18DD5F221E66020095D479 /* Resources */ = {
			isa = PBXResourcesBuildPhase;
			buildActionMask = 2147483647;
			files = (
			);
			runOnlyForDeploymentPostprocessing = 0;
		};
/* End PBXResourcesBuildPhase section */

/* Begin PBXSourcesBuildPhase section */
		3D18DD3E221E65FE0095D479 /* Sources */ = {
			isa = PBXSourcesBuildPhase;
			buildActionMask = 2147483647;
			files = (
				3D18DD48221E65FE0095D479 /* ViewController.swift in Sources */,
				3D18DD46221E65FE0095D479 /* AppDelegate.swift in Sources */,
			);
			runOnlyForDeploymentPostprocessing = 0;
		};
		3D18DD52221E66020095D479 /* Sources */ = {
			isa = PBXSourcesBuildPhase;
			buildActionMask = 2147483647;
			files = (
				3D18DD5B221E66020095D479 /* iQuizTests.swift in Sources */,
			);
			runOnlyForDeploymentPostprocessing = 0;
		};
		3D18DD5D221E66020095D479 /* Sources */ = {
			isa = PBXSourcesBuildPhase;
			buildActionMask = 2147483647;
			files = (
				3D18DD66221E66020095D479 /* iQuizUITests.swift in Sources */,
			);
			runOnlyForDeploymentPostprocessing = 0;
		};
/* End PBXSourcesBuildPhase section */

/* Begin PBXTargetDependency section */
		3D18DD58221E66020095D479 /* PBXTargetDependency */ = {
			isa = PBXTargetDependency;
			target = 3D18DD41221E65FE0095D479 /* iQuiz */;
			targetProxy = 3D18DD57221E66020095D479 /* PBXContainerItemProxy */;
		};
		3D18DD63221E66020095D479 /* PBXTargetDependency */ = {
			isa = PBXTargetDependency;
			target = 3D18DD41221E65FE0095D479 /* iQuiz */;
			targetProxy = 3D18DD62221E66020095D479 /* PBXContainerItemProxy */;
		};
/* End PBXTargetDependency section */

/* Begin PBXVariantGroup section */
		3D18DD49221E65FE0095D479 /* Main.storyboard */ = {
			isa = PBXVariantGroup;
			children = (
				3D18DD4A221E65FE0095D479 /* Base */,
			);
			name = Main.storyboard;
			sourceTree = "<group>";
		};
		3D18DD4E221E66020095D479 /* LaunchScreen.storyboard */ = {
			isa = PBXVariantGroup;
			children = (
				3D18DD4F221E66020095D479 /* Base */,
			);
			name = LaunchScreen.storyboard;
			sourceTree = "<group>";
		};
/* End PBXVariantGroup section */

/* Begin XCBuildConfiguration section */
		3D18DD68221E66020095D479 /* Debug */ = {
			isa = XCBuildConfiguration;
			buildSettings = {
				ALWAYS_SEARCH_USER_PATHS = NO;
				CLANG_ANALYZER_NONNULL = YES;
				CLANG_ANALYZER_NUMBER_OBJECT_CONVERSION = YES_AGGRESSIVE;
				CLANG_CXX_LANGUAGE_STANDARD = "gnu++14";
				CLANG_CXX_LIBRARY = "libc++";
				CLANG_ENABLE_MODULES = YES;
				CLANG_ENABLE_OBJC_ARC = YES;
				CLANG_ENABLE_OBJC_WEAK = YES;
				CLANG_WARN_BLOCK_CAPTURE_AUTORELEASING = YES;
				CLANG_WARN_BOOL_CONVERSION = YES;
				CLANG_WARN_COMMA = YES;
				CLANG_WARN_CONSTANT_CONVERSION = YES;
				CLANG_WARN_DEPRECATED_OBJC_IMPLEMENTATIONS = YES;
				CLANG_WARN_DIRECT_OBJC_ISA_USAGE = YES_ERROR;
				CLANG_WARN_DOCUMENTATION_COMMENTS = YES;
				CLANG_WARN_EMPTY_BODY = YES;
				CLANG_WARN_ENUM_CONVERSION = YES;
				CLANG_WARN_INFINITE_RECURSION = YES;
				CLANG_WARN_INT_CONVERSION = YES;
				CLANG_WARN_NON_LITERAL_NULL_CONVERSION = YES;
				CLANG_WARN_OBJC_IMPLICIT_RETAIN_SELF = YES;
				CLANG_WARN_OBJC_LITERAL_CONVERSION = YES;
				CLANG_WARN_OBJC_ROOT_CLASS = YES_ERROR;
				CLANG_WARN_RANGE_LOOP_ANALYSIS = YES;
				CLANG_WARN_STRICT_PROTOTYPES = YES;
				CLANG_WARN_SUSPICIOUS_MOVE = YES;
				CLANG_WARN_UNGUARDED_AVAILABILITY = YES_AGGRESSIVE;
				CLANG_WARN_UNREACHABLE_CODE = YES;
				CLANG_WARN__DUPLICATE_METHOD_MATCH = YES;
				CODE_SIGN_IDENTITY = "iPhone Developer";
				COPY_PHASE_STRIP = NO;
				DEBUG_INFORMATION_FORMAT = dwarf;
				ENABLE_STRICT_OBJC_MSGSEND = YES;
				ENABLE_TESTABILITY = YES;
				GCC_C_LANGUAGE_STANDARD = gnu11;
				GCC_DYNAMIC_NO_PIC = NO;
				GCC_NO_COMMON_BLOCKS = YES;
				GCC_OPTIMIZATION_LEVEL = 0;
				GCC_PREPROCESSOR_DEFINITIONS = (
					"DEBUG=1",
					"$(inherited)",
				);
				GCC_WARN_64_TO_32_BIT_CONVERSION = YES;
				GCC_WARN_ABOUT_RETURN_TYPE = YES_ERROR;
				GCC_WARN_UNDECLARED_SELECTOR = YES;
				GCC_WARN_UNINITIALIZED_AUTOS = YES_AGGRESSIVE;
				GCC_WARN_UNUSED_FUNCTION = YES;
				GCC_WARN_UNUSED_VARIABLE = YES;
				IPHONEOS_DEPLOYMENT_TARGET = 12.1;
				MTL_ENABLE_DEBUG_INFO = INCLUDE_SOURCE;
				MTL_FAST_MATH = YES;
				ONLY_ACTIVE_ARCH = YES;
				SDKROOT = iphoneos;
				SWIFT_ACTIVE_COMPILATION_CONDITIONS = DEBUG;
				SWIFT_OPTIMIZATION_LEVEL = "-Onone";
			};
			name = Debug;
		};
		3D18DD69221E66020095D479 /* Release */ = {
			isa = XCBuildConfiguration;
			buildSettings = {
				ALWAYS_SEARCH_USER_PATHS = NO;
				CLANG_ANALYZER_NONNULL = YES;
				CLANG_ANALYZER_NUMBER_OBJECT_CONVERSION = YES_AGGRESSIVE;
				CLANG_CXX_LANGUAGE_STANDARD = "gnu++14";
				CLANG_CXX_LIBRARY = "libc++";
				CLANG_ENABLE_MODULES = YES;
				CLANG_ENABLE_OBJC_ARC = YES;
				CLANG_ENABLE_OBJC_WEAK = YES;
				CLANG_WARN_BLOCK_CAPTURE_AUTORELEASING = YES;
				CLANG_WARN_BOOL_CONVERSION = YES;
				CLANG_WARN_COMMA = YES;
				CLANG_WARN_CONSTANT_CONVERSION = YES;
				CLANG_WARN_DEPRECATED_OBJC_IMPLEMENTATIONS = YES;
				CLANG_WARN_DIRECT_OBJC_ISA_USAGE = YES_ERROR;
				CLANG_WARN_DOCUMENTATION_COMMENTS = YES;
				CLANG_WARN_EMPTY_BODY = YES;
				CLANG_WARN_ENUM_CONVERSION = YES;
				CLANG_WARN_INFINITE_RECURSION = YES;
				CLANG_WARN_INT_CONVERSION = YES;
				CLANG_WARN_NON_LITERAL_NULL_CONVERSION = YES;
				CLANG_WARN_OBJC_IMPLICIT_RETAIN_SELF = YES;
				CLANG_WARN_OBJC_LITERAL_CONVERSION = YES;
				CLANG_WARN_OBJC_ROOT_CLASS = YES_ERROR;
				CLANG_WARN_RANGE_LOOP_ANALYSIS = YES;
				CLANG_WARN_STRICT_PROTOTYPES = YES;
				CLANG_WARN_SUSPICIOUS_MOVE = YES;
				CLANG_WARN_UNGUARDED_AVAILABILITY = YES_AGGRESSIVE;
				CLANG_WARN_UNREACHABLE_CODE = YES;
				CLANG_WARN__DUPLICATE_METHOD_MATCH = YES;
				CODE_SIGN_IDENTITY = "iPhone Developer";
				COPY_PHASE_STRIP = NO;
				DEBUG_INFORMATION_FORMAT = "dwarf-with-dsym";
				ENABLE_NS_ASSERTIONS = NO;
				ENABLE_STRICT_OBJC_MSGSEND = YES;
				GCC_C_LANGUAGE_STANDARD = gnu11;
				GCC_NO_COMMON_BLOCKS = YES;
				GCC_WARN_64_TO_32_BIT_CONVERSION = YES;
				GCC_WARN_ABOUT_RETURN_TYPE = YES_ERROR;
				GCC_WARN_UNDECLARED_SELECTOR = YES;
				GCC_WARN_UNINITIALIZED_AUTOS = YES_AGGRESSIVE;
				GCC_WARN_UNUSED_FUNCTION = YES;
				GCC_WARN_UNUSED_VARIABLE = YES;
				IPHONEOS_DEPLOYMENT_TARGET = 12.1;
				MTL_ENABLE_DEBUG_INFO = NO;
				MTL_FAST_MATH = YES;
				SDKROOT = iphoneos;
				SWIFT_COMPILATION_MODE = wholemodule;
				SWIFT_OPTIMIZATION_LEVEL = "-O";
				VALIDATE_PRODUCT = YES;
			};
			name = Release;
		};
		3D18DD6B221E66020095D479 /* Debug */ = {
			isa = XCBuildConfiguration;
			buildSettings = {
				ASSETCATALOG_COMPILER_APPICON_NAME = AppIcon;
				CODE_SIGN_STYLE = Automatic;
				DEVELOPMENT_TEAM = B47AVVU489;
				INFOPLIST_FILE = iQuiz/Info.plist;
				LD_RUNPATH_SEARCH_PATHS = (
					"$(inherited)",
					"@executable_path/Frameworks",
				);
				PRODUCT_BUNDLE_IDENTIFIER = edu.washington.braydonh.iQuiz;
				PRODUCT_NAME = "$(TARGET_NAME)";
				SWIFT_VERSION = 4.2;
				TARGETED_DEVICE_FAMILY = "1,2";
			};
			name = Debug;
		};
		3D18DD6C221E66020095D479 /* Release */ = {
			isa = XCBuildConfiguration;
			buildSettings = {
				ASSETCATALOG_COMPILER_APPICON_NAME = AppIcon;
				CODE_SIGN_STYLE = Automatic;
				DEVELOPMENT_TEAM = B47AVVU489;
				INFOPLIST_FILE = iQuiz/Info.plist;
				LD_RUNPATH_SEARCH_PATHS = (
					"$(inherited)",
					"@executable_path/Frameworks",
				);
				PRODUCT_BUNDLE_IDENTIFIER = edu.washington.braydonh.iQuiz;
				PRODUCT_NAME = "$(TARGET_NAME)";
				SWIFT_VERSION = 4.2;
				TARGETED_DEVICE_FAMILY = "1,2";
			};
			name = Release;
		};
		3D18DD6E221E66020095D479 /* Debug */ = {
			isa = XCBuildConfiguration;
			buildSettings = {
				ALWAYS_EMBED_SWIFT_STANDARD_LIBRARIES = YES;
				BUNDLE_LOADER = "$(TEST_HOST)";
				CODE_SIGN_STYLE = Automatic;
				DEVELOPMENT_TEAM = B47AVVU489;
				INFOPLIST_FILE = iQuizTests/Info.plist;
				LD_RUNPATH_SEARCH_PATHS = (
					"$(inherited)",
					"@executable_path/Frameworks",
					"@loader_path/Frameworks",
				);
				PRODUCT_BUNDLE_IDENTIFIER = edu.washington.braydonh.iQuizTests;
				PRODUCT_NAME = "$(TARGET_NAME)";
				SWIFT_VERSION = 4.2;
				TARGETED_DEVICE_FAMILY = "1,2";
				TEST_HOST = "$(BUILT_PRODUCTS_DIR)/iQuiz.app/iQuiz";
			};
			name = Debug;
		};
		3D18DD6F221E66020095D479 /* Release */ = {
			isa = XCBuildConfiguration;
			buildSettings = {
				ALWAYS_EMBED_SWIFT_STANDARD_LIBRARIES = YES;
				BUNDLE_LOADER = "$(TEST_HOST)";
				CODE_SIGN_STYLE = Automatic;
				DEVELOPMENT_TEAM = B47AVVU489;
				INFOPLIST_FILE = iQuizTests/Info.plist;
				LD_RUNPATH_SEARCH_PATHS = (
					"$(inherited)",
					"@executable_path/Frameworks",
					"@loader_path/Frameworks",
				);
				PRODUCT_BUNDLE_IDENTIFIER = edu.washington.braydonh.iQuizTests;
				PRODUCT_NAME = "$(TARGET_NAME)";
				SWIFT_VERSION = 4.2;
				TARGETED_DEVICE_FAMILY = "1,2";
				TEST_HOST = "$(BUILT_PRODUCTS_DIR)/iQuiz.app/iQuiz";
			};
			name = Release;
		};
		3D18DD71221E66020095D479 /* Debug */ = {
			isa = XCBuildConfiguration;
			buildSettings = {
				ALWAYS_EMBED_SWIFT_STANDARD_LIBRARIES = YES;
				CODE_SIGN_STYLE = Automatic;
				DEVELOPMENT_TEAM = B47AVVU489;
				INFOPLIST_FILE = iQuizUITests/Info.plist;
				LD_RUNPATH_SEARCH_PATHS = (
					"$(inherited)",
					"@executable_path/Frameworks",
					"@loader_path/Frameworks",
				);
				PRODUCT_BUNDLE_IDENTIFIER = edu.washington.braydonh.iQuizUITests;
				PRODUCT_NAME = "$(TARGET_NAME)";
				SWIFT_VERSION = 4.2;
				TARGETED_DEVICE_FAMILY = "1,2";
				TEST_TARGET_NAME = iQuiz;
			};
			name = Debug;
		};
		3D18DD72221E66020095D479 /* Release */ = {
			isa = XCBuildConfiguration;
			buildSettings = {
				ALWAYS_EMBED_SWIFT_STANDARD_LIBRARIES = YES;
				CODE_SIGN_STYLE = Automatic;
				DEVELOPMENT_TEAM = B47AVVU489;
				INFOPLIST_FILE = iQuizUITests/Info.plist;
				LD_RUNPATH_SEARCH_PATHS = (
					"$(inherited)",
					"@executable_path/Frameworks",
					"@loader_path/Frameworks",
				);
				PRODUCT_BUNDLE_IDENTIFIER = edu.washington.braydonh.iQuizUITests;
				PRODUCT_NAME = "$(TARGET_NAME)";
				SWIFT_VERSION = 4.2;
				TARGETED_DEVICE_FAMILY = "1,2";
				TEST_TARGET_NAME = iQuiz;
			};
			name = Release;
		};
/* End XCBuildConfiguration section */

/* Begin XCConfigurationList section */
		3D18DD3D221E65FE0095D479 /* Build configuration list for PBXProject "iQuiz" */ = {
			isa = XCConfigurationList;
			buildConfigurations = (
				3D18DD68221E66020095D479 /* Debug */,
				3D18DD69221E66020095D479 /* Release */,
			);
			defaultConfigurationIsVisible = 0;
			defaultConfigurationName = Release;
		};
		3D18DD6A221E66020095D479 /* Build configuration list for PBXNativeTarget "iQuiz" */ = {
			isa = XCConfigurationList;
			buildConfigurations = (
				3D18DD6B221E66020095D479 /* Debug */,
				3D18DD6C221E66020095D479 /* Release */,
			);
			defaultConfigurationIsVisible = 0;
			defaultConfigurationName = Release;
		};
		3D18DD6D221E66020095D479 /* Build configuration list for PBXNativeTarget "iQuizTests" */ = {
			isa = XCConfigurationList;
			buildConfigurations = (
				3D18DD6E221E66020095D479 /* Debug */,
				3D18DD6F221E66020095D479 /* Release */,
			);
			defaultConfigurationIsVisible = 0;
			defaultConfigurationName = Release;
		};
		3D18DD70221E66020095D479 /* Build configuration list for PBXNativeTarget "iQuizUITests" */ = {
			isa = XCConfigurationList;
			buildConfigurations = (
				3D18DD71221E66020095D479 /* Debug */,
				3D18DD72221E66020095D479 /* Release */,
			);
			defaultConfigurationIsVisible = 0;
			defaultConfigurationName = Release;
		};
/* End XCConfigurationList section */
	};
	rootObject = 3D18DD3A221E65FE0095D479 /* Project object */;
}
